
Microsoft Visual Studio Solution File, Format Version 12.00
# Visual Studio 2012
Project("{FAE04EC0-301F-11D3-BF4B-00C04F79EFBC}") = "DesignPatterns", "DesignPatterns\DesignPatterns.csproj", "{0E92FD50-CD24-4DA0-9439-40262F423C29}"
EndProject
Project("{FAE04EC0-301F-11D3-BF4B-00C04F79EFBC}") = "CSharpFeatures", "CSharpFeatures\CSharpFeatures.csproj", "{58313D8F-2A01-4418-88AE-86638B9CA637}"
EndProject
Project("{FAE04EC0-301F-11D3-BF4B-00C04F79EFBC}") = "Utilities", "Utilities\Utilities.csproj", "{D25F2B09-BAB8-4ED1-A0A6-14721D2A183B}"
EndProject
Global
	GlobalSection(SolutionConfigurationPlatforms) = preSolution
		Debug|Any CPU = Debug|Any CPU
		Release|Any CPU = Release|Any CPU
	EndGlobalSection
	GlobalSection(ProjectConfigurationPlatforms) = postSolution
		{0E92FD50-CD24-4DA0-9439-40262F423C29}.Debug|Any CPU.ActiveCfg = Debug|Any CPU
		{0E92FD50-CD24-4DA0-9439-40262F423C29}.Debug|Any CPU.Build.0 = Debug|Any CPU
		{0E92FD50-CD24-4DA0-9439-40262F423C29}.Release|Any CPU.ActiveCfg = Release|Any CPU
		{0E92FD50-CD24-4DA0-9439-40262F423C29}.Release|Any CPU.Build.0 = Release|Any CPU
		{58313D8F-2A01-4418-88AE-86638B9CA637}.Debug|Any CPU.ActiveCfg = Debug|Any CPU
		{58313D8F-2A01-4418-88AE-86638B9CA637}.Debug|Any CPU.Build.0 = Debug|Any CPU
		{58313D8F-2A01-4418-88AE-86638B9CA637}.Release|Any CPU.ActiveCfg = Release|Any CPU
		{58313D8F-2A01-4418-88AE-86638B9CA637}.Release|Any CPU.Build.0 = Release|Any CPU
		{D25F2B09-BAB8-4ED1-A0A6-14721D2A183B}.Debug|Any CPU.ActiveCfg = Debug|Any CPU
		{D25F2B09-BAB8-4ED1-A0A6-14721D2A183B}.Debug|Any CPU.Build.0 = Debug|Any CPU
		{D25F2B09-BAB8-4ED1-A0A6-14721D2A183B}.Release|Any CPU.ActiveCfg = Release|Any CPU
		{D25F2B09-BAB8-4ED1-A0A6-14721D2A183B}.Release|Any CPU.Build.0 = Release|Any CPU
	EndGlobalSection
	GlobalSection(SolutionProperties) = preSolution
		HideSolutionNode = FALSE
	EndGlobalSection
EndGlobal
